
Microsoft Visual Studio Solution File, Format Version 12.00
# Visual Studio Version 16
VisualStudioVersion = 16.0.808.8
MinimumVisualStudioVersion = 10.0.40219.1
Project("{FAE04EC0-301F-11D3-BF4B-00C04F79EFBC}") = "Tello.Net", "Tello.Net\Tello.Net.csproj", "{6DBC4FAA-5E95-495F-BBC4-45DF3D271B19}"
EndProject
Global
	GlobalSection(SolutionConfigurationPlatforms) = preSolution
		Debug|Any CPU = Debug|Any CPU
		Release|Any CPU = Release|Any CPU
	EndGlobalSection
	GlobalSection(ProjectConfigurationPlatforms) = postSolution
		{6DBC4FAA-5E95-495F-BBC4-45DF3D271B19}.Debug|Any CPU.ActiveCfg = Debug|Any CPU
		{6DBC4FAA-5E95-495F-BBC4-45DF3D271B19}.Debug|Any CPU.Build.0 = Debug|Any CPU
		{6DBC4FAA-5E95-495F-BBC4-45DF3D271B19}.Release|Any CPU.ActiveCfg = Release|Any CPU
		{6DBC4FAA-5E95-495F-BBC4-45DF3D271B19}.Release|Any CPU.Build.0 = Release|Any CPU
	EndGlobalSection
	GlobalSection(SolutionProperties) = preSolution
		HideSolutionNode = FALSE
	EndGlobalSection
	GlobalSection(ExtensibilityGlobals) = postSolution
		SolutionGuid = {7EFCF669-E930-4C31-AA34-4F936D702982}
	EndGlobalSection
EndGlobal
